// !$*UTF8*$!
{
	archiveVersion = 1;
	classes = {
	};
	objectVersion = 46;
	objects = {

/* Begin PBXBuildFile section */
		6556504EC875E8C9032ECEC8 /* Main.storyboard in Resources */ = {isa = PBXBuildFile; fileRef = 655653CF5C88F4D5B9C433F5 /* Main.storyboard */; };
		6556505AFB3009888782F61B /* CryptoPROTestTests.m in Sources */ = {isa = PBXBuildFile; fileRef = 65565D34B0AA2D961F20A830 /* CryptoPROTestTests.m */; };
		6556507DDA8EAAF53AF9389D /* InfoPlist.strings in Resources */ = {isa = PBXBuildFile; fileRef = 655651FA0D803CDCEE825424 /* InfoPlist.strings */; };
		655653C0E1690DBDD355584D /* AppDelegate.m in Sources */ = {isa = PBXBuildFile; fileRef = 65565A433EA77240FA86B453 /* AppDelegate.m */; };
		655655A51220E0451C5E778E /* Foundation.framework in Frameworks */ = {isa = PBXBuildFile; fileRef = 65565D067F4AB23D3EB98724 /* Foundation.framework */; };
		6556569A869E7AAA958ACDED /* CoreGraphics.framework in Frameworks */ = {isa = PBXBuildFile; fileRef = 65565A038806D667B42A5FE2 /* CoreGraphics.framework */; };
		655657F00282FCBF8463B43B /* XCTest.framework in Frameworks */ = {isa = PBXBuildFile; fileRef = 6556553B23ABFF2351399F32 /* XCTest.framework */; };
		655657FAF4AD80E835CAEB5B /* UIKit.framework in Frameworks */ = {isa = PBXBuildFile; fileRef = 655657D3EC2EAD179C1E6C09 /* UIKit.framework */; };
		655659E63DC4B4F68F567481 /* ViewController.m in Sources */ = {isa = PBXBuildFile; fileRef = 65565A916175713C0E802773 /* ViewController.m */; };
		65565A9DAA20C5228D5ADB2A /* Foundation.framework in Frameworks */ = {isa = PBXBuildFile; fileRef = 65565D067F4AB23D3EB98724 /* Foundation.framework */; };
		65565CC25B10C3778684151B /* main.m in Sources */ = {isa = PBXBuildFile; fileRef = 655651F09E913540FA9DB062 /* main.m */; };
		65565D9ADFF42A25505DF9E3 /* InfoPlist.strings in Resources */ = {isa = PBXBuildFile; fileRef = 65565EEAB3026595579457F7 /* InfoPlist.strings */; };
		65565E2ED6C941057E3E32AD /* UIKit.framework in Frameworks */ = {isa = PBXBuildFile; fileRef = 655657D3EC2EAD179C1E6C09 /* UIKit.framework */; };
		65565E95F459C8F0504CD121 /* Images.xcassets in Resources */ = {isa = PBXBuildFile; fileRef = 655650E40B05B518F1FBA481 /* Images.xcassets */; };
/* End PBXBuildFile section */

/* Begin PBXContainerItemProxy section */
		6556575622C81E04E2C46AFD /* PBXContainerItemProxy */ = {
			isa = PBXContainerItemProxy;
			containerPortal = 655659439883F70AC05317E3 /* Project object */;
			proxyType = 1;
			remoteGlobalIDString = 6556524A2A096E641C98416E;
			remoteInfo = CryptoPROTest;
		};
/* End PBXContainerItemProxy section */

/* Begin PBXFileReference section */
		6556509B8F9C3184299911D0 /* Base */ = {isa = PBXFileReference; lastKnownFileType = file.storyboard; name = Base; path = Base.lproj/Main.storyboard; sourceTree = "<group>"; };
		655650A278DC6722E2DC732F /* CryptoPROTest-Info.plist */ = {isa = PBXFileReference; lastKnownFileType = text.plist.info; path = "CryptoPROTest-Info.plist"; sourceTree = "<group>"; };
		655650AB34497BD90F85EEBD /* ViewController.h */ = {isa = PBXFileReference; lastKnownFileType = sourcecode.c.h; path = ViewController.h; sourceTree = "<group>"; };
		655650E40B05B518F1FBA481 /* Images.xcassets */ = {isa = PBXFileReference; lastKnownFileType = folder.assetcatalog; path = Images.xcassets; sourceTree = "<group>"; };
		655651AD55CE17DF2B4DC1CE /* CryptoPROTest-Prefix.pch */ = {isa = PBXFileReference; lastKnownFileType = sourcecode.c.h; path = "CryptoPROTest-Prefix.pch"; sourceTree = "<group>"; };
		655651F09E913540FA9DB062 /* main.m */ = {isa = PBXFileReference; lastKnownFileType = sourcecode.c.objc; path = main.m; sourceTree = "<group>"; };
		6556547EED5FF49D7E8BF8F8 /* CryptoPROTestTests-Info.plist */ = {isa = PBXFileReference; lastKnownFileType = text.plist.info; path = "CryptoPROTestTests-Info.plist"; sourceTree = "<group>"; };
		6556553B23ABFF2351399F32 /* XCTest.framework */ = {isa = PBXFileReference; lastKnownFileType = wrapper.framework; name = XCTest.framework; path = Library/Frameworks/XCTest.framework; sourceTree = DEVELOPER_DIR; };
		655657D3EC2EAD179C1E6C09 /* UIKit.framework */ = {isa = PBXFileReference; lastKnownFileType = wrapper.framework; name = UIKit.framework; path = System/Library/Frameworks/UIKit.framework; sourceTree = SDKROOT; };
		65565A038806D667B42A5FE2 /* CoreGraphics.framework */ = {isa = PBXFileReference; lastKnownFileType = wrapper.framework; name = CoreGraphics.framework; path = System/Library/Frameworks/CoreGraphics.framework; sourceTree = SDKROOT; };
		65565A0715B48FE0FABEA7A3 /* CryptoPROTest.app */ = {isa = PBXFileReference; explicitFileType = wrapper.application; includeInIndex = 0; path = CryptoPROTest.app; sourceTree = BUILT_PRODUCTS_DIR; };
		65565A2DD169C9238639D479 /* en */ = {isa = PBXFileReference; lastKnownFileType = text.plist.strings; name = en; path = en.lproj/InfoPlist.strings; sourceTree = "<group>"; };
		65565A433EA77240FA86B453 /* AppDelegate.m */ = {isa = PBXFileReference; lastKnownFileType = sourcecode.c.objc; path = AppDelegate.m; sourceTree = "<group>"; };
		65565A916175713C0E802773 /* ViewController.m */ = {isa = PBXFileReference; lastKnownFileType = sourcecode.c.objc; path = ViewController.m; sourceTree = "<group>"; };
		65565AE720AE86B37740F584 /* CryptoPROTestTests.xctest */ = {isa = PBXFileReference; explicitFileType = wrapper.cfbundle; includeInIndex = 0; path = CryptoPROTestTests.xctest; sourceTree = BUILT_PRODUCTS_DIR; };
		65565CC500993315643CFE6C /* en */ = {isa = PBXFileReference; lastKnownFileType = text.plist.strings; name = en; path = en.lproj/InfoPlist.strings; sourceTree = "<group>"; };
		65565D067F4AB23D3EB98724 /* Foundation.framework */ = {isa = PBXFileReference; lastKnownFileType = wrapper.framework; name = Foundation.framework; path = System/Library/Frameworks/Foundation.framework; sourceTree = SDKROOT; };
		65565D34B0AA2D961F20A830 /* CryptoPROTestTests.m */ = {isa = PBXFileReference; lastKnownFileType = sourcecode.c.objc; path = CryptoPROTestTests.m; sourceTree = "<group>"; };
		65565E648E4E026DF5FF45F2 /* AppDelegate.h */ = {isa = PBXFileReference; lastKnownFileType = sourcecode.c.h; path = AppDelegate.h; sourceTree = "<group>"; };
/* End PBXFileReference section */

/* Begin PBXFrameworksBuildPhase section */
		65565032811BA6D83F5EC6EC /* Frameworks */ = {
			isa = PBXFrameworksBuildPhase;
			buildActionMask = 2147483647;
			files = (
				655657F00282FCBF8463B43B /* XCTest.framework in Frameworks */,
				65565A9DAA20C5228D5ADB2A /* Foundation.framework in Frameworks */,
				65565E2ED6C941057E3E32AD /* UIKit.framework in Frameworks */,
			);
			runOnlyForDeploymentPostprocessing = 0;
		};
		655659C6B8F9F547C3F2D8CE /* Frameworks */ = {
			isa = PBXFrameworksBuildPhase;
			buildActionMask = 2147483647;
			files = (
				655655A51220E0451C5E778E /* Foundation.framework in Frameworks */,
				6556569A869E7AAA958ACDED /* CoreGraphics.framework in Frameworks */,
				655657FAF4AD80E835CAEB5B /* UIKit.framework in Frameworks */,
			);
			runOnlyForDeploymentPostprocessing = 0;
		};
/* End PBXFrameworksBuildPhase section */

/* Begin PBXGroup section */
		655650A227155D914DDFC6F2 /* Products */ = {
			isa = PBXGroup;
			children = (
				65565A0715B48FE0FABEA7A3 /* CryptoPROTest.app */,
				65565AE720AE86B37740F584 /* CryptoPROTestTests.xctest */,
			);
			name = Products;
			sourceTree = "<group>";
		};
		65565495FD7439073174D29C /* Supporting Files */ = {
			isa = PBXGroup;
			children = (
				6556547EED5FF49D7E8BF8F8 /* CryptoPROTestTests-Info.plist */,
				655651FA0D803CDCEE825424 /* InfoPlist.strings */,
			);
			name = "Supporting Files";
			sourceTree = "<group>";
		};
		65565707E334453B56EAFC3E /* CryptoPROTest */ = {
			isa = PBXGroup;
			children = (
				65565B3FAED7567E9BE10C12 /* Supporting Files */,
				65565E648E4E026DF5FF45F2 /* AppDelegate.h */,
				65565A433EA77240FA86B453 /* AppDelegate.m */,
				655650E40B05B518F1FBA481 /* Images.xcassets */,
				655653CF5C88F4D5B9C433F5 /* Main.storyboard */,
				655650AB34497BD90F85EEBD /* ViewController.h */,
				65565A916175713C0E802773 /* ViewController.m */,
			);
			path = CryptoPROTest;
			sourceTree = "<group>";
		};
		65565A1FC042BB03CAB04A6B = {
			isa = PBXGroup;
			children = (
				655650A227155D914DDFC6F2 /* Products */,
				65565A574286A643A11183EB /* Frameworks */,
				65565707E334453B56EAFC3E /* CryptoPROTest */,
				65565F15039F1054D1A802AD /* CryptoPROTestTests */,
			);
			sourceTree = "<group>";
		};
		65565A574286A643A11183EB /* Frameworks */ = {
			isa = PBXGroup;
			children = (
				65565D067F4AB23D3EB98724 /* Foundation.framework */,
				65565A038806D667B42A5FE2 /* CoreGraphics.framework */,
				655657D3EC2EAD179C1E6C09 /* UIKit.framework */,
				6556553B23ABFF2351399F32 /* XCTest.framework */,
			);
			name = Frameworks;
			sourceTree = "<group>";
		};
		65565B3FAED7567E9BE10C12 /* Supporting Files */ = {
			isa = PBXGroup;
			children = (
				655650A278DC6722E2DC732F /* CryptoPROTest-Info.plist */,
				65565EEAB3026595579457F7 /* InfoPlist.strings */,
				655651F09E913540FA9DB062 /* main.m */,
				655651AD55CE17DF2B4DC1CE /* CryptoPROTest-Prefix.pch */,
			);
			name = "Supporting Files";
			sourceTree = "<group>";
		};
		65565F15039F1054D1A802AD /* CryptoPROTestTests */ = {
			isa = PBXGroup;
			children = (
				65565495FD7439073174D29C /* Supporting Files */,
				65565D34B0AA2D961F20A830 /* CryptoPROTestTests.m */,
			);
			path = CryptoPROTestTests;
			sourceTree = "<group>";
		};
/* End PBXGroup section */

/* Begin PBXNativeTarget section */
		6556524A2A096E641C98416E /* CryptoPROTest */ = {
			isa = PBXNativeTarget;
			buildConfigurationList = 655651EFA7C61C3CEA3718E5 /* Build configuration list for PBXNativeTarget "CryptoPROTest" */;
			buildPhases = (
				655655FE131D84DA656E9812 /* Sources */,
				655659C6B8F9F547C3F2D8CE /* Frameworks */,
				6556518C5A25B5D9E394A03B /* Resources */,
			);
			buildRules = (
			);
			dependencies = (
			);
			name = CryptoPROTest;
			productName = CryptoPROTest;
			productReference = 65565A0715B48FE0FABEA7A3 /* CryptoPROTest.app */;
			productType = "com.apple.product-type.application";
		};
		6556585731CA17D791F5A174 /* CryptoPROTestTests */ = {
			isa = PBXNativeTarget;
			buildConfigurationList = 65565E28E9CE5F87A00900FB /* Build configuration list for PBXNativeTarget "CryptoPROTestTests" */;
			buildPhases = (
				655655698862717A1FDC67E1 /* Sources */,
				65565032811BA6D83F5EC6EC /* Frameworks */,
				6556554B4AEE6C077C362A2B /* Resources */,
			);
			buildRules = (
			);
			dependencies = (
				65565C193A10C2D58F42ADA8 /* PBXTargetDependency */,
			);
			name = CryptoPROTestTests;
			productName = CryptoPROTestTests;
			productReference = 65565AE720AE86B37740F584 /* CryptoPROTestTests.xctest */;
			productType = "com.apple.product-type.bundle.unit-test";
		};
/* End PBXNativeTarget section */

/* Begin PBXProject section */
		655659439883F70AC05317E3 /* Project object */ = {
			isa = PBXProject;
			attributes = {
				ORGANIZATIONNAME = iDecide;
			};
			buildConfigurationList = 65565C772055BBB6D8BE77EF /* Build configuration list for PBXProject "CryptoPROTest" */;
			compatibilityVersion = "Xcode 3.2";
			developmentRegion = English;
			hasScannedForEncodings = 0;
			knownRegions = (
				en,
			);
			mainGroup = 65565A1FC042BB03CAB04A6B;
			productRefGroup = 655650A227155D914DDFC6F2 /* Products */;
			projectDirPath = "";
			projectRoot = "";
			targets = (
				6556524A2A096E641C98416E /* CryptoPROTest */,
				6556585731CA17D791F5A174 /* CryptoPROTestTests */,
			);
		};
/* End PBXProject section */

/* Begin PBXResourcesBuildPhase section */
		6556518C5A25B5D9E394A03B /* Resources */ = {
			isa = PBXResourcesBuildPhase;
			buildActionMask = 2147483647;
			files = (
				65565D9ADFF42A25505DF9E3 /* InfoPlist.strings in Resources */,
				65565E95F459C8F0504CD121 /* Images.xcassets in Resources */,
				6556504EC875E8C9032ECEC8 /* Main.storyboard in Resources */,
			);
			runOnlyForDeploymentPostprocessing = 0;
		};
		6556554B4AEE6C077C362A2B /* Resources */ = {
			isa = PBXResourcesBuildPhase;
			buildActionMask = 2147483647;
			files = (
				6556507DDA8EAAF53AF9389D /* InfoPlist.strings in Resources */,
			);
			runOnlyForDeploymentPostprocessing = 0;
		};
/* End PBXResourcesBuildPhase section */

/* Begin PBXSourcesBuildPhase section */
		655655698862717A1FDC67E1 /* Sources */ = {
			isa = PBXSourcesBuildPhase;
			buildActionMask = 2147483647;
			files = (
				6556505AFB3009888782F61B /* CryptoPROTestTests.m in Sources */,
			);
			runOnlyForDeploymentPostprocessing = 0;
		};
		655655FE131D84DA656E9812 /* Sources */ = {
			isa = PBXSourcesBuildPhase;
			buildActionMask = 2147483647;
			files = (
				65565CC25B10C3778684151B /* main.m in Sources */,
				655653C0E1690DBDD355584D /* AppDelegate.m in Sources */,
				655659E63DC4B4F68F567481 /* ViewController.m in Sources */,
			);
			runOnlyForDeploymentPostprocessing = 0;
		};
/* End PBXSourcesBuildPhase section */

/* Begin PBXTargetDependency section */
		65565C193A10C2D58F42ADA8 /* PBXTargetDependency */ = {
			isa = PBXTargetDependency;
			target = 6556524A2A096E641C98416E /* CryptoPROTest */;
			targetProxy = 6556575622C81E04E2C46AFD /* PBXContainerItemProxy */;
		};
/* End PBXTargetDependency section */

/* Begin PBXVariantGroup section */
		655651FA0D803CDCEE825424 /* InfoPlist.strings */ = {
			isa = PBXVariantGroup;
			children = (
				65565A2DD169C9238639D479 /* en */,
			);
			name = InfoPlist.strings;
			sourceTree = "<group>";
		};
		655653CF5C88F4D5B9C433F5 /* Main.storyboard */ = {
			isa = PBXVariantGroup;
			children = (
				6556509B8F9C3184299911D0 /* Base */,
			);
			name = Main.storyboard;
			sourceTree = "<group>";
		};
		65565EEAB3026595579457F7 /* InfoPlist.strings */ = {
			isa = PBXVariantGroup;
			children = (
				65565CC500993315643CFE6C /* en */,
			);
			name = InfoPlist.strings;
			sourceTree = "<group>";
		};
/* End PBXVariantGroup section */

/* Begin XCBuildConfiguration section */
		655650EF3AEF3BF0D6C4180F /* Debug */ = {
			isa = XCBuildConfiguration;
			buildSettings = {
				ASSETCATALOG_COMPILER_APPICON_NAME = AppIcon;
				ASSETCATALOG_COMPILER_LAUNCHIMAGE_NAME = LaunchImage;
				GCC_PRECOMPILE_PREFIX_HEADER = YES;
				GCC_PREFIX_HEADER = "CryptoPROTest/CryptoPROTest-Prefix.pch";
				INFOPLIST_FILE = "CryptoPROTest/CryptoPROTest-Info.plist";
				PRODUCT_NAME = "$(TARGET_NAME)";
				WRAPPER_EXTENSION = app;
			};
			name = Debug;
		};
		655651206EDDC72BB92B003F /* Release */ = {
			isa = XCBuildConfiguration;
			buildSettings = {
				ASSETCATALOG_COMPILER_APPICON_NAME = AppIcon;
				ASSETCATALOG_COMPILER_LAUNCHIMAGE_NAME = LaunchImage;
				GCC_PRECOMPILE_PREFIX_HEADER = YES;
				GCC_PREFIX_HEADER = "CryptoPROTest/CryptoPROTest-Prefix.pch";
				INFOPLIST_FILE = "CryptoPROTest/CryptoPROTest-Info.plist";
				PRODUCT_NAME = "$(TARGET_NAME)";
				WRAPPER_EXTENSION = app;
			};
			name = Release;
		};
		655652DF6427C2D308ADB1C2 /* Debug */ = {
			isa = XCBuildConfiguration;
			buildSettings = {
				ALWAYS_SEARCH_USER_PATHS = NO;
				CLANG_CXX_LANGUAGE_STANDARD = "gnu++0x";
				CLANG_CXX_LIBRARY = "libc++";
				CLANG_ENABLE_MODULES = YES;
				CLANG_ENABLE_OBJC_ARC = YES;
				CLANG_WARN_BOOL_CONVERSION = YES;
				CLANG_WARN_CONSTANT_CONVERSION = YES;
				CLANG_WARN_DIRECT_OBJC_ISA_USAGE = YES_ERROR;
				CLANG_WARN_EMPTY_BODY = YES;
				CLANG_WARN_ENUM_CONVERSION = YES;
				CLANG_WARN_INT_CONVERSION = YES;
				CLANG_WARN_OBJC_ROOT_CLASS = YES_ERROR;
				CLANG_WARN__DUPLICATE_METHOD_MATCH = YES;
				"CODE_SIGN_IDENTITY[sdk=iphoneos*]" = "iPhone Developer";
				COPY_PHASE_STRIP = NO;
				GCC_C_LANGUAGE_STANDARD = gnu99;
				GCC_DYNAMIC_NO_PIC = NO;
				GCC_OPTIMIZATION_LEVEL = 0;
				GCC_PREPROCESSOR_DEFINITIONS = (
					"DEBUG=1",
					"$(inherited)",
				);
				GCC_SYMBOLS_PRIVATE_EXTERN = NO;
				GCC_WARN_64_TO_32_BIT_CONVERSION = YES;
				GCC_WARN_ABOUT_RETURN_TYPE = YES_ERROR;
				GCC_WARN_UNDECLARED_SELECTOR = YES;
				GCC_WARN_UNINITIALIZED_AUTOS = YES_AGGRESSIVE;
				GCC_WARN_UNUSED_FUNCTION = YES;
				GCC_WARN_UNUSED_VARIABLE = YES;
				IPHONEOS_DEPLOYMENT_TARGET = 7.1;
				ONLY_ACTIVE_ARCH = YES;
				SDKROOT = iphoneos;
				TARGETED_DEVICE_FAMILY = 2;
			};
			name = Debug;
		};
		655654525D0F7129112B9BDA /* Debug */ = {
			isa = XCBuildConfiguration;
			buildSettings = {
				FRAMEWORK_SEARCH_PATHS = (
					"$(SDKROOT)/Developer/Library/Frameworks",
					"$(inherited)",
				);
				GCC_PRECOMPILE_PREFIX_HEADER = YES;
				GCC_PREFIX_HEADER = "CryptoPROTest/CryptoPROTest-Prefix.pch";
				INFOPLIST_FILE = "CryptoPROTestTests/CryptoPROTestTests-Info.plist";
				PRODUCT_NAME = "$(TARGET_NAME)";
				WRAPPER_EXTENSION = xctest;
			};
			name = Debug;
		};
		655655FDB82F6611212A6C8F /* Release */ = {
			isa = XCBuildConfiguration;
			buildSettings = {
				ALWAYS_SEARCH_USER_PATHS = NO;
				CLANG_CXX_LANGUAGE_STANDARD = "gnu++0x";
				CLANG_CXX_LIBRARY = "libc++";
				CLANG_ENABLE_MODULES = YES;
				CLANG_ENABLE_OBJC_ARC = YES;
				CLANG_WARN_BOOL_CONVERSION = YES;
				CLANG_WARN_CONSTANT_CONVERSION = YES;
				CLANG_WARN_DIRECT_OBJC_ISA_USAGE = YES_ERROR;
				CLANG_WARN_EMPTY_BODY = YES;
				CLANG_WARN_ENUM_CONVERSION = YES;
				CLANG_WARN_INT_CONVERSION = YES;
				CLANG_WARN_OBJC_ROOT_CLASS = YES_ERROR;
				CLANG_WARN__DUPLICATE_METHOD_MATCH = YES;
				"CODE_SIGN_IDENTITY[sdk=iphoneos*]" = "iPhone Developer";
				COPY_PHASE_STRIP = YES;
				ENABLE_NS_ASSERTIONS = NO;
				GCC_C_LANGUAGE_STANDARD = gnu99;
				GCC_WARN_64_TO_32_BIT_CONVERSION = YES;
				GCC_WARN_ABOUT_RETURN_TYPE = YES_ERROR;
				GCC_WARN_UNDECLARED_SELECTOR = YES;
				GCC_WARN_UNINITIALIZED_AUTOS = YES_AGGRESSIVE;
				GCC_WARN_UNUSED_FUNCTION = YES;
				GCC_WARN_UNUSED_VARIABLE = YES;
				IPHONEOS_DEPLOYMENT_TARGET = 7.1;
				SDKROOT = iphoneos;
				TARGETED_DEVICE_FAMILY = 2;
				VALIDATE_PRODUCT = YES;
			};
			name = Release;
		};
		65565B76633AEA2FB8C87953 /* Release */ = {
			isa = XCBuildConfiguration;
			buildSettings = {
				FRAMEWORK_SEARCH_PATHS = (
					"$(SDKROOT)/Developer/Library/Frameworks",
					"$(inherited)",
				);
				GCC_PRECOMPILE_PREFIX_HEADER = YES;
				GCC_PREFIX_HEADER = "CryptoPROTest/CryptoPROTest-Prefix.pch";
				INFOPLIST_FILE = "CryptoPROTestTests/CryptoPROTestTests-Info.plist";
				PRODUCT_NAME = "$(TARGET_NAME)";
				WRAPPER_EXTENSION = xctest;
			};
			name = Release;
		};
/* End XCBuildConfiguration section */

/* Begin XCConfigurationList section */
		655651EFA7C61C3CEA3718E5 /* Build configuration list for PBXNativeTarget "CryptoPROTest" */ = {
			isa = XCConfigurationList;
			buildConfigurations = (
				655651206EDDC72BB92B003F /* Release */,
				655650EF3AEF3BF0D6C4180F /* Debug */,
			);
			defaultConfigurationIsVisible = 0;
		};
		65565C772055BBB6D8BE77EF /* Build configuration list for PBXProject "CryptoPROTest" */ = {
			isa = XCConfigurationList;
			buildConfigurations = (
				655655FDB82F6611212A6C8F /* Release */,
				655652DF6427C2D308ADB1C2 /* Debug */,
			);
			defaultConfigurationIsVisible = 0;
			defaultConfigurationName = Release;
		};
		65565E28E9CE5F87A00900FB /* Build configuration list for PBXNativeTarget "CryptoPROTestTests" */ = {
			isa = XCConfigurationList;
			buildConfigurations = (
				65565B76633AEA2FB8C87953 /* Release */,
				655654525D0F7129112B9BDA /* Debug */,
			);
			defaultConfigurationIsVisible = 0;
		};
/* End XCConfigurationList section */
	};
	rootObject = 655659439883F70AC05317E3 /* Project object */;
}
